
Microsoft Visual Studio Solution File, Format Version 12.00
# Visual Studio 15
VisualStudioVersion = 15.0.28307.1062
MinimumVisualStudioVersion = 10.0.40219.1
Project("{FAE04EC0-301F-11D3-BF4B-00C04F79EFBC}") = "WebApplication70", "WebApplication70\WebApplication70.csproj", "{1F2D5D06-1F53-4E43-826D-38CB8574CB2B}"
EndProject
Project("{FAE04EC0-301F-11D3-BF4B-00C04F79EFBC}") = "Models", "Models\Models.csproj", "{FB1723A4-6B04-456F-B4BD-A8030C4F8A05}"
EndProject
Project("{FAE04EC0-301F-11D3-BF4B-00C04F79EFBC}") = "DAL", "DAL\DAL.csproj", "{AC20ACC9-9D65-487F-9459-B32958FCAD83}"
EndProject
Project("{FAE04EC0-301F-11D3-BF4B-00C04F79EFBC}") = "BLL", "BLL\BLL.csproj", "{BF0D5BB5-2BE5-4168-9D46-5E050950D8B1}"
EndProject
Global
	GlobalSection(SolutionConfigurationPlatforms) = preSolution
		Debug|Any CPU = Debug|Any CPU
		Release|Any CPU = Release|Any CPU
	EndGlobalSection
	GlobalSection(ProjectConfigurationPlatforms) = postSolution
		{1F2D5D06-1F53-4E43-826D-38CB8574CB2B}.Debug|Any CPU.ActiveCfg = Debug|Any CPU
		{1F2D5D06-1F53-4E43-826D-38CB8574CB2B}.Debug|Any CPU.Build.0 = Debug|Any CPU
		{1F2D5D06-1F53-4E43-826D-38CB8574CB2B}.Release|Any CPU.ActiveCfg = Release|Any CPU
		{1F2D5D06-1F53-4E43-826D-38CB8574CB2B}.Release|Any CPU.Build.0 = Release|Any CPU
		{FB1723A4-6B04-456F-B4BD-A8030C4F8A05}.Debug|Any CPU.ActiveCfg = Debug|Any CPU
		{FB1723A4-6B04-456F-B4BD-A8030C4F8A05}.Debug|Any CPU.Build.0 = Debug|Any CPU
		{FB1723A4-6B04-456F-B4BD-A8030C4F8A05}.Release|Any CPU.ActiveCfg = Release|Any CPU
		{FB1723A4-6B04-456F-B4BD-A8030C4F8A05}.Release|Any CPU.Build.0 = Release|Any CPU
		{AC20ACC9-9D65-487F-9459-B32958FCAD83}.Debug|Any CPU.ActiveCfg = Debug|Any CPU
		{AC20ACC9-9D65-487F-9459-B32958FCAD83}.Debug|Any CPU.Build.0 = Debug|Any CPU
		{AC20ACC9-9D65-487F-9459-B32958FCAD83}.Release|Any CPU.ActiveCfg = Release|Any CPU
		{AC20ACC9-9D65-487F-9459-B32958FCAD83}.Release|Any CPU.Build.0 = Release|Any CPU
		{BF0D5BB5-2BE5-4168-9D46-5E050950D8B1}.Debug|Any CPU.ActiveCfg = Debug|Any CPU
		{BF0D5BB5-2BE5-4168-9D46-5E050950D8B1}.Debug|Any CPU.Build.0 = Debug|Any CPU
		{BF0D5BB5-2BE5-4168-9D46-5E050950D8B1}.Release|Any CPU.ActiveCfg = Release|Any CPU
		{BF0D5BB5-2BE5-4168-9D46-5E050950D8B1}.Release|Any CPU.Build.0 = Release|Any CPU
	EndGlobalSection
	GlobalSection(SolutionProperties) = preSolution
		HideSolutionNode = FALSE
	EndGlobalSection
	GlobalSection(ExtensibilityGlobals) = postSolution
		SolutionGuid = {2D5A0AE3-5B5E-471A-86FD-5F1148935311}
	EndGlobalSection
EndGlobal
